
Microsoft Visual Studio Solution File, Format Version 12.00
# Visual Studio Version 17
VisualStudioVersion = 17.0.31912.275
MinimumVisualStudioVersion = 10.0.40219.1
Project("{FAE04EC0-301F-11D3-BF4B-00C04F79EFBC}") = "Regex Lab", "Regex Lab.csproj", "{91C9C871-A72C-4793-8307-0D3EFA4E4D6A}"
EndProject
Global
	GlobalSection(SolutionConfigurationPlatforms) = preSolution
		Debug|Any CPU = Debug|Any CPU
		Release|Any CPU = Release|Any CPU
	EndGlobalSection
	GlobalSection(ProjectConfigurationPlatforms) = postSolution
		{91C9C871-A72C-4793-8307-0D3EFA4E4D6A}.Debug|Any CPU.ActiveCfg = Debug|Any CPU
		{91C9C871-A72C-4793-8307-0D3EFA4E4D6A}.Debug|Any CPU.Build.0 = Debug|Any CPU
		{91C9C871-A72C-4793-8307-0D3EFA4E4D6A}.Release|Any CPU.ActiveCfg = Release|Any CPU
		{91C9C871-A72C-4793-8307-0D3EFA4E4D6A}.Release|Any CPU.Build.0 = Release|Any CPU
	EndGlobalSection
	GlobalSection(SolutionProperties) = preSolution
		HideSolutionNode = FALSE
	EndGlobalSection
	GlobalSection(ExtensibilityGlobals) = postSolution
		SolutionGuid = {E8C03B11-B7A4-48F6-9F47-BB6A72BDDE4E}
	EndGlobalSection
EndGlobal
