
Microsoft Visual Studio Solution File, Format Version 12.00
# Visual Studio Version 17
VisualStudioVersion = 17.0.31912.275
MinimumVisualStudioVersion = 10.0.40219.1
Project("{FAE04EC0-301F-11D3-BF4B-00C04F79EFBC}") = "Lab7NEW", "Lab7NEW\Lab7NEW.csproj", "{F1A08515-97BA-498D-8781-D0026CC937E6}"
EndProject
Global
	GlobalSection(SolutionConfigurationPlatforms) = preSolution
		Debug|Any CPU = Debug|Any CPU
		Release|Any CPU = Release|Any CPU
	EndGlobalSection
	GlobalSection(ProjectConfigurationPlatforms) = postSolution
		{F1A08515-97BA-498D-8781-D0026CC937E6}.Debug|Any CPU.ActiveCfg = Debug|Any CPU
		{F1A08515-97BA-498D-8781-D0026CC937E6}.Debug|Any CPU.Build.0 = Debug|Any CPU
		{F1A08515-97BA-498D-8781-D0026CC937E6}.Release|Any CPU.ActiveCfg = Release|Any CPU
		{F1A08515-97BA-498D-8781-D0026CC937E6}.Release|Any CPU.Build.0 = Release|Any CPU
	EndGlobalSection
	GlobalSection(SolutionProperties) = preSolution
		HideSolutionNode = FALSE
	EndGlobalSection
	GlobalSection(ExtensibilityGlobals) = postSolution
		SolutionGuid = {3A4AB99C-2036-43DD-A5EB-DE01D610B6D2}
	EndGlobalSection
EndGlobal
